// !$*UTF8*$!
{
	archiveVersion = 1;
	classes = {
	};
	objectVersion = 50;
	objects = {

/* Begin PBXBuildFile section */
		EBA9274D208B11A6005871C2 /* AppDelegate.m in Sources */ = {isa = PBXBuildFile; fileRef = EBA9274C208B11A6005871C2 /* AppDelegate.m */; };
		EBA92750208B11A6005871C2 /* ViewController.m in Sources */ = {isa = PBXBuildFile; fileRef = EBA9274F208B11A6005871C2 /* ViewController.m */; };
		EBA92765208B11A7005871C2 /* Runtime_ProtocolCategoryTests.m in Sources */ = {isa = PBXBuildFile; fileRef = EBA92764208B11A7005871C2 /* Runtime_ProtocolCategoryTests.m */; };
		EBA92770208B11A7005871C2 /* Runtime_ProtocolCategoryUITests.m in Sources */ = {isa = PBXBuildFile; fileRef = EBA9276F208B11A7005871C2 /* Runtime_ProtocolCategoryUITests.m */; };
		EBA92785208B1216005871C2 /* Assets.xcassets in Resources */ = {isa = PBXBuildFile; fileRef = EBA9277E208B1216005871C2 /* Assets.xcassets */; };
		EBA92786208B1216005871C2 /* LaunchScreen.storyboard in Resources */ = {isa = PBXBuildFile; fileRef = EBA9277F208B1216005871C2 /* LaunchScreen.storyboard */; };
		EBA92787208B1216005871C2 /* Main.storyboard in Resources */ = {isa = PBXBuildFile; fileRef = EBA92781208B1216005871C2 /* Main.storyboard */; };
		EBA92788208B1216005871C2 /* main.m in Sources */ = {isa = PBXBuildFile; fileRef = EBA92783208B1216005871C2 /* main.m */; };
		EBA92789208B1216005871C2 /* Info.plist in Resources */ = {isa = PBXBuildFile; fileRef = EBA92784208B1216005871C2 /* Info.plist */; };
/* End PBXBuildFile section */

/* Begin PBXContainerItemProxy section */
		EBA92761208B11A7005871C2 /* PBXContainerItemProxy */ = {
			isa = PBXContainerItemProxy;
			containerPortal = EBA92740208B11A5005871C2 /* Project object */;
			proxyType = 1;
			remoteGlobalIDString = EBA92747208B11A6005871C2;
			remoteInfo = Runtime_ProtocolCategory;
		};
		EBA9276C208B11A7005871C2 /* PBXContainerItemProxy */ = {
			isa = PBXContainerItemProxy;
			containerPortal = EBA92740208B11A5005871C2 /* Project object */;
			proxyType = 1;
			remoteGlobalIDString = EBA92747208B11A6005871C2;
			remoteInfo = Runtime_ProtocolCategory;
		};
/* End PBXContainerItemProxy section */

/* Begin PBXFileReference section */
		EBA92748208B11A6005871C2 /* Runtime_ProtocolCategory.app */ = {isa = PBXFileReference; explicitFileType = wrapper.application; includeInIndex = 0; path = Runtime_ProtocolCategory.app; sourceTree = BUILT_PRODUCTS_DIR; };
		EBA9274B208B11A6005871C2 /* AppDelegate.h */ = {isa = PBXFileReference; lastKnownFileType = sourcecode.c.h; path = AppDelegate.h; sourceTree = "<group>"; };
		EBA9274C208B11A6005871C2 /* AppDelegate.m */ = {isa = PBXFileReference; lastKnownFileType = sourcecode.c.objc; path = AppDelegate.m; sourceTree = "<group>"; };
		EBA9274E208B11A6005871C2 /* ViewController.h */ = {isa = PBXFileReference; lastKnownFileType = sourcecode.c.h; path = ViewController.h; sourceTree = "<group>"; };
		EBA9274F208B11A6005871C2 /* ViewController.m */ = {isa = PBXFileReference; lastKnownFileType = sourcecode.c.objc; path = ViewController.m; sourceTree = "<group>"; };
		EBA92760208B11A7005871C2 /* Runtime_ProtocolCategoryTests.xctest */ = {isa = PBXFileReference; explicitFileType = wrapper.cfbundle; includeInIndex = 0; path = Runtime_ProtocolCategoryTests.xctest; sourceTree = BUILT_PRODUCTS_DIR; };
		EBA92764208B11A7005871C2 /* Runtime_ProtocolCategoryTests.m */ = {isa = PBXFileReference; lastKnownFileType = sourcecode.c.objc; path = Runtime_ProtocolCategoryTests.m; sourceTree = "<group>"; };
		EBA92766208B11A7005871C2 /* Info.plist */ = {isa = PBXFileReference; lastKnownFileType = text.plist.xml; path = Info.plist; sourceTree = "<group>"; };
		EBA9276B208B11A7005871C2 /* Runtime_ProtocolCategoryUITests.xctest */ = {isa = PBXFileReference; explicitFileType = wrapper.cfbundle; includeInIndex = 0; path = Runtime_ProtocolCategoryUITests.xctest; sourceTree = BUILT_PRODUCTS_DIR; };
		EBA9276F208B11A7005871C2 /* Runtime_ProtocolCategoryUITests.m */ = {isa = PBXFileReference; lastKnownFileType = sourcecode.c.objc; path = Runtime_ProtocolCategoryUITests.m; sourceTree = "<group>"; };
		EBA92771208B11A7005871C2 /* Info.plist */ = {isa = PBXFileReference; lastKnownFileType = text.plist.xml; path = Info.plist; sourceTree = "<group>"; };
		EBA9277E208B1216005871C2 /* Assets.xcassets */ = {isa = PBXFileReference; lastKnownFileType = folder.assetcatalog; path = Assets.xcassets; sourceTree = "<group>"; };
		EBA92780208B1216005871C2 /* Base */ = {isa = PBXFileReference; lastKnownFileType = file.storyboard; name = Base; path = Base.lproj/LaunchScreen.storyboard; sourceTree = "<group>"; };
		EBA92782208B1216005871C2 /* Base */ = {isa = PBXFileReference; lastKnownFileType = file.storyboard; name = Base; path = Base.lproj/Main.storyboard; sourceTree = "<group>"; };
		EBA92783208B1216005871C2 /* main.m */ = {isa = PBXFileReference; fileEncoding = 4; lastKnownFileType = sourcecode.c.objc; path = main.m; sourceTree = "<group>"; };
		EBA92784208B1216005871C2 /* Info.plist */ = {isa = PBXFileReference; fileEncoding = 4; lastKnownFileType = text.plist.xml; path = Info.plist; sourceTree = "<group>"; };
/* End PBXFileReference section */

/* Begin PBXFrameworksBuildPhase section */
		EBA92745208B11A6005871C2 /* Frameworks */ = {
			isa = PBXFrameworksBuildPhase;
			buildActionMask = 2147483647;
			files = (
			);
			runOnlyForDeploymentPostprocessing = 0;
		};
		EBA9275D208B11A7005871C2 /* Frameworks */ = {
			isa = PBXFrameworksBuildPhase;
			buildActionMask = 2147483647;
			files = (
			);
			runOnlyForDeploymentPostprocessing = 0;
		};
		EBA92768208B11A7005871C2 /* Frameworks */ = {
			isa = PBXFrameworksBuildPhase;
			buildActionMask = 2147483647;
			files = (
			);
			runOnlyForDeploymentPostprocessing = 0;
		};
/* End PBXFrameworksBuildPhase section */

/* Begin PBXGroup section */
		EBA9273F208B11A5005871C2 = {
			isa = PBXGroup;
			children = (
				EBA9274A208B11A6005871C2 /* Runtime_ProtocolCategory */,
				EBA92763208B11A7005871C2 /* Runtime_ProtocolCategoryTests */,
				EBA9276E208B11A7005871C2 /* Runtime_ProtocolCategoryUITests */,
				EBA92749208B11A6005871C2 /* Products */,
			);
			sourceTree = "<group>";
		};
		EBA92749208B11A6005871C2 /* Products */ = {
			isa = PBXGroup;
			children = (
				EBA92748208B11A6005871C2 /* Runtime_ProtocolCategory.app */,
				EBA92760208B11A7005871C2 /* Runtime_ProtocolCategoryTests.xctest */,
				EBA9276B208B11A7005871C2 /* Runtime_ProtocolCategoryUITests.xctest */,
			);
			name = Products;
			sourceTree = "<group>";
		};
		EBA9274A208B11A6005871C2 /* Runtime_ProtocolCategory */ = {
			isa = PBXGroup;
			children = (
				EBA9274B208B11A6005871C2 /* AppDelegate.h */,
				EBA9274C208B11A6005871C2 /* AppDelegate.m */,
				EBA9274E208B11A6005871C2 /* ViewController.h */,
				EBA9274F208B11A6005871C2 /* ViewController.m */,
				EBA9277D208B1216005871C2 /* Supporting Files */,
			);
			path = Runtime_ProtocolCategory;
			sourceTree = "<group>";
		};
		EBA92763208B11A7005871C2 /* Runtime_ProtocolCategoryTests */ = {
			isa = PBXGroup;
			children = (
				EBA92764208B11A7005871C2 /* Runtime_ProtocolCategoryTests.m */,
				EBA92766208B11A7005871C2 /* Info.plist */,
			);
			path = Runtime_ProtocolCategoryTests;
			sourceTree = "<group>";
		};
		EBA9276E208B11A7005871C2 /* Runtime_ProtocolCategoryUITests */ = {
			isa = PBXGroup;
			children = (
				EBA9276F208B11A7005871C2 /* Runtime_ProtocolCategoryUITests.m */,
				EBA92771208B11A7005871C2 /* Info.plist */,
			);
			path = Runtime_ProtocolCategoryUITests;
			sourceTree = "<group>";
		};
		EBA9277D208B1216005871C2 /* Supporting Files */ = {
			isa = PBXGroup;
			children = (
				EBA9277E208B1216005871C2 /* Assets.xcassets */,
				EBA9277F208B1216005871C2 /* LaunchScreen.storyboard */,
				EBA92781208B1216005871C2 /* Main.storyboard */,
				EBA92783208B1216005871C2 /* main.m */,
				EBA92784208B1216005871C2 /* Info.plist */,
			);
			path = "Supporting Files";
			sourceTree = "<group>";
		};
/* End PBXGroup section */

/* Begin PBXNativeTarget section */
		EBA92747208B11A6005871C2 /* Runtime_ProtocolCategory */ = {
			isa = PBXNativeTarget;
			buildConfigurationList = EBA92774208B11A7005871C2 /* Build configuration list for PBXNativeTarget "Runtime_ProtocolCategory" */;
			buildPhases = (
				EBA92744208B11A6005871C2 /* Sources */,
				EBA92745208B11A6005871C2 /* Frameworks */,
				EBA92746208B11A6005871C2 /* Resources */,
			);
			buildRules = (
			);
			dependencies = (
			);
			name = Runtime_ProtocolCategory;
			productName = Runtime_ProtocolCategory;
			productReference = EBA92748208B11A6005871C2 /* Runtime_ProtocolCategory.app */;
			productType = "com.apple.product-type.application";
		};
		EBA9275F208B11A7005871C2 /* Runtime_ProtocolCategoryTests */ = {
			isa = PBXNativeTarget;
			buildConfigurationList = EBA92777208B11A7005871C2 /* Build configuration list for PBXNativeTarget "Runtime_ProtocolCategoryTests" */;
			buildPhases = (
				EBA9275C208B11A7005871C2 /* Sources */,
				EBA9275D208B11A7005871C2 /* Frameworks */,
				EBA9275E208B11A7005871C2 /* Resources */,
			);
			buildRules = (
			);
			dependencies = (
				EBA92762208B11A7005871C2 /* PBXTargetDependency */,
			);
			name = Runtime_ProtocolCategoryTests;
			productName = Runtime_ProtocolCategoryTests;
			productReference = EBA92760208B11A7005871C2 /* Runtime_ProtocolCategoryTests.xctest */;
			productType = "com.apple.product-type.bundle.unit-test";
		};
		EBA9276A208B11A7005871C2 /* Runtime_ProtocolCategoryUITests */ = {
			isa = PBXNativeTarget;
			buildConfigurationList = EBA9277A208B11A7005871C2 /* Build configuration list for PBXNativeTarget "Runtime_ProtocolCategoryUITests" */;
			buildPhases = (
				EBA92767208B11A7005871C2 /* Sources */,
				EBA92768208B11A7005871C2 /* Frameworks */,
				EBA92769208B11A7005871C2 /* Resources */,
			);
			buildRules = (
			);
			dependencies = (
				EBA9276D208B11A7005871C2 /* PBXTargetDependency */,
			);
			name = Runtime_ProtocolCategoryUITests;
			productName = Runtime_ProtocolCategoryUITests;
			productReference = EBA9276B208B11A7005871C2 /* Runtime_ProtocolCategoryUITests.xctest */;
			productType = "com.apple.product-type.bundle.ui-testing";
		};
/* End PBXNativeTarget section */

/* Begin PBXProject section */
		EBA92740208B11A5005871C2 /* Project object */ = {
			isa = PBXProject;
			attributes = {
				LastUpgradeCheck = 0930;
				ORGANIZATIONNAME = LeeWong;
				TargetAttributes = {
					EBA92747208B11A6005871C2 = {
						CreatedOnToolsVersion = 9.3;
					};
					EBA9275F208B11A7005871C2 = {
						CreatedOnToolsVersion = 9.3;
						TestTargetID = EBA92747208B11A6005871C2;
					};
					EBA9276A208B11A7005871C2 = {
						CreatedOnToolsVersion = 9.3;
						TestTargetID = EBA92747208B11A6005871C2;
					};
				};
			};
			buildConfigurationList = EBA92743208B11A5005871C2 /* Build configuration list for PBXProject "Runtime_ProtocolCategory" */;
			compatibilityVersion = "Xcode 9.3";
			developmentRegion = en;
			hasScannedForEncodings = 0;
			knownRegions = (
				en,
				Base,
			);
			mainGroup = EBA9273F208B11A5005871C2;
			productRefGroup = EBA92749208B11A6005871C2 /* Products */;
			projectDirPath = "";
			projectRoot = "";
			targets = (
				EBA92747208B11A6005871C2 /* Runtime_ProtocolCategory */,
				EBA9275F208B11A7005871C2 /* Runtime_ProtocolCategoryTests */,
				EBA9276A208B11A7005871C2 /* Runtime_ProtocolCategoryUITests */,
			);
		};
/* End PBXProject section */

/* Begin PBXResourcesBuildPhase section */
		EBA92746208B11A6005871C2 /* Resources */ = {
			isa = PBXResourcesBuildPhase;
			buildActionMask = 2147483647;
			files = (
				EBA92789208B1216005871C2 /* Info.plist in Resources */,
				EBA92787208B1216005871C2 /* Main.storyboard in Resources */,
				EBA92785208B1216005871C2 /* Assets.xcassets in Resources */,
				EBA92786208B1216005871C2 /* LaunchScreen.storyboard in Resources */,
			);
			runOnlyForDeploymentPostprocessing = 0;
		};
		EBA9275E208B11A7005871C2 /* Resources */ = {
			isa = PBXResourcesBuildPhase;
			buildActionMask = 2147483647;
			files = (
			);
			runOnlyForDeploymentPostprocessing = 0;
		};
		EBA92769208B11A7005871C2 /* Resources */ = {
			isa = PBXResourcesBuildPhase;
			buildActionMask = 2147483647;
			files = (
			);
			runOnlyForDeploymentPostprocessing = 0;
		};
/* End PBXResourcesBuildPhase section */

/* Begin PBXSourcesBuildPhase section */
		EBA92744208B11A6005871C2 /* Sources */ = {
			isa = PBXSourcesBuildPhase;
			buildActionMask = 2147483647;
			files = (
				EBA92750208B11A6005871C2 /* ViewController.m in Sources */,
				EBA92788208B1216005871C2 /* main.m in Sources */,
				EBA9274D208B11A6005871C2 /* AppDelegate.m in Sources */,
			);
			runOnlyForDeploymentPostprocessing = 0;
		};
		EBA9275C208B11A7005871C2 /* Sources */ = {
			isa = PBXSourcesBuildPhase;
			buildActionMask = 2147483647;
			files = (
				EBA92765208B11A7005871C2 /* Runtime_ProtocolCategoryTests.m in Sources */,
			);
			runOnlyForDeploymentPostprocessing = 0;
		};
		EBA92767208B11A7005871C2 /* Sources */ = {
			isa = PBXSourcesBuildPhase;
			buildActionMask = 2147483647;
			files = (
				EBA92770208B11A7005871C2 /* Runtime_ProtocolCategoryUITests.m in Sources */,
			);
			runOnlyForDeploymentPostprocessing = 0;
		};
/* End PBXSourcesBuildPhase section */

/* Begin PBXTargetDependency section */
		EBA92762208B11A7005871C2 /* PBXTargetDependency */ = {
			isa = PBXTargetDependency;
			target = EBA92747208B11A6005871C2 /* Runtime_ProtocolCategory */;
			targetProxy = EBA92761208B11A7005871C2 /* PBXContainerItemProxy */;
		};
		EBA9276D208B11A7005871C2 /* PBXTargetDependency */ = {
			isa = PBXTargetDependency;
			target = EBA92747208B11A6005871C2 /* Runtime_ProtocolCategory */;
			targetProxy = EBA9276C208B11A7005871C2 /* PBXContainerItemProxy */;
		};
/* End PBXTargetDependency section */

/* Begin PBXVariantGroup section */
		EBA9277F208B1216005871C2 /* LaunchScreen.storyboard */ = {
			isa = PBXVariantGroup;
			children = (
				EBA92780208B1216005871C2 /* Base */,
			);
			name = LaunchScreen.storyboard;
			sourceTree = "<group>";
		};
		EBA92781208B1216005871C2 /* Main.storyboard */ = {
			isa = PBXVariantGroup;
			children = (
				EBA92782208B1216005871C2 /* Base */,
			);
			name = Main.storyboard;
			sourceTree = "<group>";
		};
/* End PBXVariantGroup section */

/* Begin XCBuildConfiguration section */
		EBA92772208B11A7005871C2 /* Debug */ = {
			isa = XCBuildConfiguration;
			buildSettings = {
				ALWAYS_SEARCH_USER_PATHS = NO;
				CLANG_ANALYZER_NONNULL = YES;
				CLANG_ANALYZER_NUMBER_OBJECT_CONVERSION = YES_AGGRESSIVE;
				CLANG_CXX_LANGUAGE_STANDARD = "gnu++14";
				CLANG_CXX_LIBRARY = "libc++";
				CLANG_ENABLE_MODULES = YES;
				CLANG_ENABLE_OBJC_ARC = YES;
				CLANG_ENABLE_OBJC_WEAK = YES;
				CLANG_WARN_BLOCK_CAPTURE_AUTORELEASING = YES;
				CLANG_WARN_BOOL_CONVERSION = YES;
				CLANG_WARN_COMMA = YES;
				CLANG_WARN_CONSTANT_CONVERSION = YES;
				CLANG_WARN_DEPRECATED_OBJC_IMPLEMENTATIONS = YES;
				CLANG_WARN_DIRECT_OBJC_ISA_USAGE = YES_ERROR;
				CLANG_WARN_DOCUMENTATION_COMMENTS = YES;
				CLANG_WARN_EMPTY_BODY = YES;
				CLANG_WARN_ENUM_CONVERSION = YES;
				CLANG_WARN_INFINITE_RECURSION = YES;
				CLANG_WARN_INT_CONVERSION = YES;
				CLANG_WARN_NON_LITERAL_NULL_CONVERSION = YES;
				CLANG_WARN_OBJC_IMPLICIT_RETAIN_SELF = YES;
				CLANG_WARN_OBJC_LITERAL_CONVERSION = YES;
				CLANG_WARN_OBJC_ROOT_CLASS = YES_ERROR;
				CLANG_WARN_RANGE_LOOP_ANALYSIS = YES;
				CLANG_WARN_STRICT_PROTOTYPES = YES;
				CLANG_WARN_SUSPICIOUS_MOVE = YES;
				CLANG_WARN_UNGUARDED_AVAILABILITY = YES_AGGRESSIVE;
				CLANG_WARN_UNREACHABLE_CODE = YES;
				CLANG_WARN__DUPLICATE_METHOD_MATCH = YES;
				CODE_SIGN_IDENTITY = "iPhone Developer";
				COPY_PHASE_STRIP = NO;
				DEBUG_INFORMATION_FORMAT = dwarf;
				ENABLE_STRICT_OBJC_MSGSEND = YES;
				ENABLE_TESTABILITY = YES;
				GCC_C_LANGUAGE_STANDARD = gnu11;
				GCC_DYNAMIC_NO_PIC = NO;
				GCC_NO_COMMON_BLOCKS = YES;
				GCC_OPTIMIZATION_LEVEL = 0;
				GCC_PREPROCESSOR_DEFINITIONS = (
					"DEBUG=1",
					"$(inherited)",
				);
				GCC_WARN_64_TO_32_BIT_CONVERSION = YES;
				GCC_WARN_ABOUT_RETURN_TYPE = YES_ERROR;
				GCC_WARN_UNDECLARED_SELECTOR = YES;
				GCC_WARN_UNINITIALIZED_AUTOS = YES_AGGRESSIVE;
				GCC_WARN_UNUSED_FUNCTION = YES;
				GCC_WARN_UNUSED_VARIABLE = YES;
				IPHONEOS_DEPLOYMENT_TARGET = 11.3;
				MTL_ENABLE_DEBUG_INFO = YES;
				ONLY_ACTIVE_ARCH = YES;
				SDKROOT = iphoneos;
			};
			name = Debug;
		};
		EBA92773208B11A7005871C2 /* Release */ = {
			isa = XCBuildConfiguration;
			buildSettings = {
				ALWAYS_SEARCH_USER_PATHS = NO;
				CLANG_ANALYZER_NONNULL = YES;
				CLANG_ANALYZER_NUMBER_OBJECT_CONVERSION = YES_AGGRESSIVE;
				CLANG_CXX_LANGUAGE_STANDARD = "gnu++14";
				CLANG_CXX_LIBRARY = "libc++";
				CLANG_ENABLE_MODULES = YES;
				CLANG_ENABLE_OBJC_ARC = YES;
				CLANG_ENABLE_OBJC_WEAK = YES;
				CLANG_WARN_BLOCK_CAPTURE_AUTORELEASING = YES;
				CLANG_WARN_BOOL_CONVERSION = YES;
				CLANG_WARN_COMMA = YES;
				CLANG_WARN_CONSTANT_CONVERSION = YES;
				CLANG_WARN_DEPRECATED_OBJC_IMPLEMENTATIONS = YES;
				CLANG_WARN_DIRECT_OBJC_ISA_USAGE = YES_ERROR;
				CLANG_WARN_DOCUMENTATION_COMMENTS = YES;
				CLANG_WARN_EMPTY_BODY = YES;
				CLANG_WARN_ENUM_CONVERSION = YES;
				CLANG_WARN_INFINITE_RECURSION = YES;
				CLANG_WARN_INT_CONVERSION = YES;
				CLANG_WARN_NON_LITERAL_NULL_CONVERSION = YES;
				CLANG_WARN_OBJC_IMPLICIT_RETAIN_SELF = YES;
				CLANG_WARN_OBJC_LITERAL_CONVERSION = YES;
				CLANG_WARN_OBJC_ROOT_CLASS = YES_ERROR;
				CLANG_WARN_RANGE_LOOP_ANALYSIS = YES;
				CLANG_WARN_STRICT_PROTOTYPES = YES;
				CLANG_WARN_SUSPICIOUS_MOVE = YES;
				CLANG_WARN_UNGUARDED_AVAILABILITY = YES_AGGRESSIVE;
				CLANG_WARN_UNREACHABLE_CODE = YES;
				CLANG_WARN__DUPLICATE_METHOD_MATCH = YES;
				CODE_SIGN_IDENTITY = "iPhone Developer";
				COPY_PHASE_STRIP = NO;
				DEBUG_INFORMATION_FORMAT = "dwarf-with-dsym";
				ENABLE_NS_ASSERTIONS = NO;
				ENABLE_STRICT_OBJC_MSGSEND = YES;
				GCC_C_LANGUAGE_STANDARD = gnu11;
				GCC_NO_COMMON_BLOCKS = YES;
				GCC_WARN_64_TO_32_BIT_CONVERSION = YES;
				GCC_WARN_ABOUT_RETURN_TYPE = YES_ERROR;
				GCC_WARN_UNDECLARED_SELECTOR = YES;
				GCC_WARN_UNINITIALIZED_AUTOS = YES_AGGRESSIVE;
				GCC_WARN_UNUSED_FUNCTION = YES;
				GCC_WARN_UNUSED_VARIABLE = YES;
				IPHONEOS_DEPLOYMENT_TARGET = 11.3;
				MTL_ENABLE_DEBUG_INFO = NO;
				SDKROOT = iphoneos;
				VALIDATE_PRODUCT = YES;
			};
			name = Release;
		};
		EBA92775208B11A7005871C2 /* Debug */ = {
			isa = XCBuildConfiguration;
			buildSettings = {
				ASSETCATALOG_COMPILER_APPICON_NAME = AppIcon;
				CODE_SIGN_STYLE = Automatic;
				DEVELOPMENT_TEAM = XWNPFKK4U5;
				INFOPLIST_FILE = "$(SRCROOT)/Runtime_ProtocolCategory/Supporting Files/Info.plist";
				LD_RUNPATH_SEARCH_PATHS = (
					"$(inherited)",
					"@executable_path/Frameworks",
				);
				PRODUCT_BUNDLE_IDENTIFIER = "com.lee.Runtime-ProtocolCategory";
				PRODUCT_NAME = "$(TARGET_NAME)";
				TARGETED_DEVICE_FAMILY = "1,2";
			};
			name = Debug;
		};
		EBA92776208B11A7005871C2 /* Release */ = {
			isa = XCBuildConfiguration;
			buildSettings = {
				ASSETCATALOG_COMPILER_APPICON_NAME = AppIcon;
				CODE_SIGN_STYLE = Automatic;
				DEVELOPMENT_TEAM = XWNPFKK4U5;
				INFOPLIST_FILE = "$(SRCROOT)/Runtime_ProtocolCategory/Supporting Files/Info.plist";
				LD_RUNPATH_SEARCH_PATHS = (
					"$(inherited)",
					"@executable_path/Frameworks",
				);
				PRODUCT_BUNDLE_IDENTIFIER = "com.lee.Runtime-ProtocolCategory";
				PRODUCT_NAME = "$(TARGET_NAME)";
				TARGETED_DEVICE_FAMILY = "1,2";
			};
			name = Release;
		};
		EBA92778208B11A7005871C2 /* Debug */ = {
			isa = XCBuildConfiguration;
			buildSettings = {
				BUNDLE_LOADER = "$(TEST_HOST)";
				CODE_SIGN_STYLE = Automatic;
				DEVELOPMENT_TEAM = XWNPFKK4U5;
				INFOPLIST_FILE = Runtime_ProtocolCategoryTests/Info.plist;
				LD_RUNPATH_SEARCH_PATHS = (
					"$(inherited)",
					"@executable_path/Frameworks",
					"@loader_path/Frameworks",
				);
				PRODUCT_BUNDLE_IDENTIFIER = "com.lee.Runtime-ProtocolCategoryTests";
				PRODUCT_NAME = "$(TARGET_NAME)";
				TARGETED_DEVICE_FAMILY = "1,2";
				TEST_HOST = "$(BUILT_PRODUCTS_DIR)/Runtime_ProtocolCategory.app/Runtime_ProtocolCategory";
			};
			name = Debug;
		};
		EBA92779208B11A7005871C2 /* Release */ = {
			isa = XCBuildConfiguration;
			buildSettings = {
				BUNDLE_LOADER = "$(TEST_HOST)";
				CODE_SIGN_STYLE = Automatic;
				DEVELOPMENT_TEAM = XWNPFKK4U5;
				INFOPLIST_FILE = Runtime_ProtocolCategoryTests/Info.plist;
				LD_RUNPATH_SEARCH_PATHS = (
					"$(inherited)",
					"@executable_path/Frameworks",
					"@loader_path/Frameworks",
				);
				PRODUCT_BUNDLE_IDENTIFIER = "com.lee.Runtime-ProtocolCategoryTests";
				PRODUCT_NAME = "$(TARGET_NAME)";
				TARGETED_DEVICE_FAMILY = "1,2";
				TEST_HOST = "$(BUILT_PRODUCTS_DIR)/Runtime_ProtocolCategory.app/Runtime_ProtocolCategory";
			};
			name = Release;
		};
		EBA9277B208B11A7005871C2 /* Debug */ = {
			isa = XCBuildConfiguration;
			buildSettings = {
				CODE_SIGN_STYLE = Automatic;
				DEVELOPMENT_TEAM = XWNPFKK4U5;
				INFOPLIST_FILE = Runtime_ProtocolCategoryUITests/Info.plist;
				LD_RUNPATH_SEARCH_PATHS = (
					"$(inherited)",
					"@executable_path/Frameworks",
					"@loader_path/Frameworks",
				);
				PRODUCT_BUNDLE_IDENTIFIER = "com.lee.Runtime-ProtocolCategoryUITests";
				PRODUCT_NAME = "$(TARGET_NAME)";
				TARGETED_DEVICE_FAMILY = "1,2";
				TEST_TARGET_NAME = Runtime_ProtocolCategory;
			};
			name = Debug;
		};
		EBA9277C208B11A7005871C2 /* Release */ = {
			isa = XCBuildConfiguration;
			buildSettings = {
				CODE_SIGN_STYLE = Automatic;
				DEVELOPMENT_TEAM = XWNPFKK4U5;
				INFOPLIST_FILE = Runtime_ProtocolCategoryUITests/Info.plist;
				LD_RUNPATH_SEARCH_PATHS = (
					"$(inherited)",
					"@executable_path/Frameworks",
					"@loader_path/Frameworks",
				);
				PRODUCT_BUNDLE_IDENTIFIER = "com.lee.Runtime-ProtocolCategoryUITests";
				PRODUCT_NAME = "$(TARGET_NAME)";
				TARGETED_DEVICE_FAMILY = "1,2";
				TEST_TARGET_NAME = Runtime_ProtocolCategory;
			};
			name = Release;
		};
/* End XCBuildConfiguration section */

/* Begin XCConfigurationList section */
		EBA92743208B11A5005871C2 /* Build configuration list for PBXProject "Runtime_ProtocolCategory" */ = {
			isa = XCConfigurationList;
			buildConfigurations = (
				EBA92772208B11A7005871C2 /* Debug */,
				EBA92773208B11A7005871C2 /* Release */,
			);
			defaultConfigurationIsVisible = 0;
			defaultConfigurationName = Release;
		};
		EBA92774208B11A7005871C2 /* Build configuration list for PBXNativeTarget "Runtime_ProtocolCategory" */ = {
			isa = XCConfigurationList;
			buildConfigurations = (
				EBA92775208B11A7005871C2 /* Debug */,
				EBA92776208B11A7005871C2 /* Release */,
			);
			defaultConfigurationIsVisible = 0;
			defaultConfigurationName = Release;
		};
		EBA92777208B11A7005871C2 /* Build configuration list for PBXNativeTarget "Runtime_ProtocolCategoryTests" */ = {
			isa = XCConfigurationList;
			buildConfigurations = (
				EBA92778208B11A7005871C2 /* Debug */,
				EBA92779208B11A7005871C2 /* Release */,
			);
			defaultConfigurationIsVisible = 0;
			defaultConfigurationName = Release;
		};
		EBA9277A208B11A7005871C2 /* Build configuration list for PBXNativeTarget "Runtime_ProtocolCategoryUITests" */ = {
			isa = XCConfigurationList;
			buildConfigurations = (
				EBA9277B208B11A7005871C2 /* Debug */,
				EBA9277C208B11A7005871C2 /* Release */,
			);
			defaultConfigurationIsVisible = 0;
			defaultConfigurationName = Release;
		};
/* End XCConfigurationList section */
	};
	rootObject = EBA92740208B11A5005871C2 /* Project object */;
}
